
Microsoft Visual Studio Solution File, Format Version 12.00
# Visual Studio Version 17
VisualStudioVersion = 17.9.34622.214
MinimumVisualStudioVersion = 10.0.40219.1
Project("{FAE04EC0-301F-11D3-BF4B-00C04F79EFBC}") = "practica 3.3", "practica 3.3\practica 3.3.csproj", "{50B5F4FF-9F32-4676-8C51-9D50E2C8CD6D}"
EndProject
Global
	GlobalSection(SolutionConfigurationPlatforms) = preSolution
		Debug|Any CPU = Debug|Any CPU
		Release|Any CPU = Release|Any CPU
	EndGlobalSection
	GlobalSection(ProjectConfigurationPlatforms) = postSolution
		{50B5F4FF-9F32-4676-8C51-9D50E2C8CD6D}.Debug|Any CPU.ActiveCfg = Debug|Any CPU
		{50B5F4FF-9F32-4676-8C51-9D50E2C8CD6D}.Debug|Any CPU.Build.0 = Debug|Any CPU
		{50B5F4FF-9F32-4676-8C51-9D50E2C8CD6D}.Release|Any CPU.ActiveCfg = Release|Any CPU
		{50B5F4FF-9F32-4676-8C51-9D50E2C8CD6D}.Release|Any CPU.Build.0 = Release|Any CPU
	EndGlobalSection
	GlobalSection(SolutionProperties) = preSolution
		HideSolutionNode = FALSE
	EndGlobalSection
	GlobalSection(ExtensibilityGlobals) = postSolution
		SolutionGuid = {55E7EBDF-7F6A-4246-A357-D7B5BFFCAD6F}
	EndGlobalSection
EndGlobal
